
Microsoft Visual Studio Solution File, Format Version 12.00
# Visual Studio Version 16
VisualStudioVersion = 16.0.810.14
MinimumVisualStudioVersion = 10.0.40219.1
Project("{FAE04EC0-301F-11D3-BF4B-00C04F79EFBC}") = "InnaSuk", "InnaSuk\InnaSuk.csproj", "{77C7BBF7-1422-4821-903A-1BCC38737973}"
EndProject
Global
	GlobalSection(SolutionConfigurationPlatforms) = preSolution
		Debug|Any CPU = Debug|Any CPU
		Release|Any CPU = Release|Any CPU
	EndGlobalSection
	GlobalSection(ProjectConfigurationPlatforms) = postSolution
		{77C7BBF7-1422-4821-903A-1BCC38737973}.Debug|Any CPU.ActiveCfg = Debug|Any CPU
		{77C7BBF7-1422-4821-903A-1BCC38737973}.Debug|Any CPU.Build.0 = Debug|Any CPU
		{77C7BBF7-1422-4821-903A-1BCC38737973}.Release|Any CPU.ActiveCfg = Release|Any CPU
		{77C7BBF7-1422-4821-903A-1BCC38737973}.Release|Any CPU.Build.0 = Release|Any CPU
	EndGlobalSection
	GlobalSection(SolutionProperties) = preSolution
		HideSolutionNode = FALSE
	EndGlobalSection
	GlobalSection(ExtensibilityGlobals) = postSolution
		SolutionGuid = {0700AA95-3137-4AB7-B1AE-C9C55E198581}
	EndGlobalSection
EndGlobal
